
Microsoft Visual Studio Solution File, Format Version 12.00
# Visual Studio Version 17
VisualStudioVersion = 17.11.35312.102
MinimumVisualStudioVersion = 10.0.40219.1
Project("{FAE04EC0-301F-11D3-BF4B-00C04F79EFBC}") = "ApsNet01", "ApsNet01\ApsNet01.csproj", "{3033011D-5D70-43F4-8923-5CD4DA136121}"
EndProject
Global
	GlobalSection(SolutionConfigurationPlatforms) = preSolution
		Debug|Any CPU = Debug|Any CPU
		Release|Any CPU = Release|Any CPU
	EndGlobalSection
	GlobalSection(ProjectConfigurationPlatforms) = postSolution
		{3033011D-5D70-43F4-8923-5CD4DA136121}.Debug|Any CPU.ActiveCfg = Debug|Any CPU
		{3033011D-5D70-43F4-8923-5CD4DA136121}.Debug|Any CPU.Build.0 = Debug|Any CPU
		{3033011D-5D70-43F4-8923-5CD4DA136121}.Release|Any CPU.ActiveCfg = Release|Any CPU
		{3033011D-5D70-43F4-8923-5CD4DA136121}.Release|Any CPU.Build.0 = Release|Any CPU
	EndGlobalSection
	GlobalSection(SolutionProperties) = preSolution
		HideSolutionNode = FALSE
	EndGlobalSection
	GlobalSection(ExtensibilityGlobals) = postSolution
		SolutionGuid = {B8839BEB-054D-4032-8837-DEF72B4C8FC8}
	EndGlobalSection
EndGlobal
